
Microsoft Visual Studio Solution File, Format Version 12.00
# Visual Studio Version 17
VisualStudioVersion = 17.9.34616.47
MinimumVisualStudioVersion = 10.0.40219.1
Project("{FAE04EC0-301F-11D3-BF4B-00C04F79EFBC}") = "DZ_11.03.2024_RaceGame", "DZ_11.03.2024_RaceGame\DZ_11.03.2024_RaceGame.csproj", "{DD70A16B-722E-48D1-A000-8362A80A118B}"
EndProject
Global
	GlobalSection(SolutionConfigurationPlatforms) = preSolution
		Debug|Any CPU = Debug|Any CPU
		Release|Any CPU = Release|Any CPU
	EndGlobalSection
	GlobalSection(ProjectConfigurationPlatforms) = postSolution
		{DD70A16B-722E-48D1-A000-8362A80A118B}.Debug|Any CPU.ActiveCfg = Debug|Any CPU
		{DD70A16B-722E-48D1-A000-8362A80A118B}.Debug|Any CPU.Build.0 = Debug|Any CPU
		{DD70A16B-722E-48D1-A000-8362A80A118B}.Release|Any CPU.ActiveCfg = Release|Any CPU
		{DD70A16B-722E-48D1-A000-8362A80A118B}.Release|Any CPU.Build.0 = Release|Any CPU
	EndGlobalSection
	GlobalSection(SolutionProperties) = preSolution
		HideSolutionNode = FALSE
	EndGlobalSection
	GlobalSection(ExtensibilityGlobals) = postSolution
		SolutionGuid = {192BA50A-CB8C-4E44-9DF7-8ECF53B65E69}
	EndGlobalSection
EndGlobal
